
Microsoft Visual Studio Solution File, Format Version 12.00
# Visual Studio Version 16
VisualStudioVersion = 16.0.30907.101
MinimumVisualStudioVersion = 10.0.40219.1
Project("{FAE04EC0-301F-11D3-BF4B-00C04F79EFBC}") = "HigleyDBMSLab9", "HigleyDBMSLab9.csproj", "{98402BA0-9F4F-4667-8ADC-C27BF02D9167}"
EndProject
Global
	GlobalSection(SolutionConfigurationPlatforms) = preSolution
		Debug|Any CPU = Debug|Any CPU
		Release|Any CPU = Release|Any CPU
	EndGlobalSection
	GlobalSection(ProjectConfigurationPlatforms) = postSolution
		{98402BA0-9F4F-4667-8ADC-C27BF02D9167}.Debug|Any CPU.ActiveCfg = Debug|Any CPU
		{98402BA0-9F4F-4667-8ADC-C27BF02D9167}.Debug|Any CPU.Build.0 = Debug|Any CPU
		{98402BA0-9F4F-4667-8ADC-C27BF02D9167}.Release|Any CPU.ActiveCfg = Release|Any CPU
		{98402BA0-9F4F-4667-8ADC-C27BF02D9167}.Release|Any CPU.Build.0 = Release|Any CPU
	EndGlobalSection
	GlobalSection(SolutionProperties) = preSolution
		HideSolutionNode = FALSE
	EndGlobalSection
	GlobalSection(ExtensibilityGlobals) = postSolution
		SolutionGuid = {B8D0B47A-7536-46E9-BFA5-19F96D730745}
	EndGlobalSection
EndGlobal
